
Microsoft Visual Studio Solution File, Format Version 12.00
# Visual Studio Version 17
VisualStudioVersion = 17.14.36518.9 d17.14
MinimumVisualStudioVersion = 10.0.40219.1
Project("{FAE04EC0-301F-11D3-BF4B-00C04F79EFBC}") = "Vizallas", "Vizallas.csproj", "{565440F3-DCA4-4725-950A-050D06A8EF06}"
EndProject
Global
	GlobalSection(SolutionConfigurationPlatforms) = preSolution
		Debug|Any CPU = Debug|Any CPU
		Release|Any CPU = Release|Any CPU
	EndGlobalSection
	GlobalSection(ProjectConfigurationPlatforms) = postSolution
		{565440F3-DCA4-4725-950A-050D06A8EF06}.Debug|Any CPU.ActiveCfg = Debug|Any CPU
		{565440F3-DCA4-4725-950A-050D06A8EF06}.Debug|Any CPU.Build.0 = Debug|Any CPU
		{565440F3-DCA4-4725-950A-050D06A8EF06}.Release|Any CPU.ActiveCfg = Release|Any CPU
		{565440F3-DCA4-4725-950A-050D06A8EF06}.Release|Any CPU.Build.0 = Release|Any CPU
	EndGlobalSection
	GlobalSection(SolutionProperties) = preSolution
		HideSolutionNode = FALSE
	EndGlobalSection
	GlobalSection(ExtensibilityGlobals) = postSolution
		SolutionGuid = {ECBE1C22-BC65-4F19-9DFE-999746C3B41C}
	EndGlobalSection
EndGlobal
